
Microsoft Visual Studio Solution File, Format Version 12.00
Project("{FAE04EC0-301F-11D3-BF4B-00C04F79EFBC}") = "Lab1MDK0104", "Lab1MDK0104\Lab1MDK0104.csproj", "{B6E1D316-CD53-40B6-8FBA-C551819F4227}"
EndProject
Global
	GlobalSection(SolutionConfigurationPlatforms) = preSolution
		Debug|Any CPU = Debug|Any CPU
		Release|Any CPU = Release|Any CPU
	EndGlobalSection
	GlobalSection(ProjectConfigurationPlatforms) = postSolution
		{B6E1D316-CD53-40B6-8FBA-C551819F4227}.Debug|Any CPU.ActiveCfg = Debug|Any CPU
		{B6E1D316-CD53-40B6-8FBA-C551819F4227}.Debug|Any CPU.Build.0 = Debug|Any CPU
		{B6E1D316-CD53-40B6-8FBA-C551819F4227}.Release|Any CPU.ActiveCfg = Release|Any CPU
		{B6E1D316-CD53-40B6-8FBA-C551819F4227}.Release|Any CPU.Build.0 = Release|Any CPU
	EndGlobalSection
EndGlobal
